
Microsoft Visual Studio Solution File, Format Version 12.00
# Visual Studio 15
VisualStudioVersion = 15.0.27130.2020
MinimumVisualStudioVersion = 10.0.40219.1
Project("{FAE04EC0-301F-11D3-BF4B-00C04F79EFBC}") = "MonoGame.Slick.ECS", "MonoGame.Slick.ECS\MonoGame.Slick.ECS.csproj", "{B4B253FD-B56D-4977-B327-0F79C602D345}"
EndProject
Project("{FAE04EC0-301F-11D3-BF4B-00C04F79EFBC}") = "Monogame.Slick", "Monogame.Slick\Monogame.Slick.csproj", "{C84CEB02-7419-461C-ACC6-9C93A08DCF3B}"
EndProject
Project("{FAE04EC0-301F-11D3-BF4B-00C04F79EFBC}") = "SlickEngine.Shapes", "SlickEngine.Shapes\SlickEngine.Shapes.csproj", "{6ED03085-D78F-495C-AC13-66DB34EECD86}"
EndProject
Project("{FAE04EC0-301F-11D3-BF4B-00C04F79EFBC}") = "SlickEngine.ExtensionMethods", "SlickEngine.ExtensionMethods\SlickEngine.ExtensionMethods.csproj", "{92ACE14E-C917-48EB-9AC3-72F2BFF10030}"
EndProject
Project("{FAE04EC0-301F-11D3-BF4B-00C04F79EFBC}") = "SlickEngine.Map", "SlickEngine.Map\SlickEngine.Map.csproj", "{A1A1E81D-09D7-45BE-9E54-9EC35EBFE150}"
EndProject
Project("{FAE04EC0-301F-11D3-BF4B-00C04F79EFBC}") = "SlickEngine.MapGenerator", "SlickEngine.MapGenerator\SlickEngine.MapGenerator.csproj", "{E3D73E7E-4BA8-4ED7-A704-570CC89F916D}"
EndProject
Project("{FAE04EC0-301F-11D3-BF4B-00C04F79EFBC}") = "SlickEngine.UI", "SlickEngine.UI\SlickEngine.UI.csproj", "{9A6F9A26-627A-4819-AED0-38471274E886}"
EndProject
Project("{FAE04EC0-301F-11D3-BF4B-00C04F79EFBC}") = "SlickEngine.Graphics", "SlickEngine.Graphics\SlickEngine.Graphics.csproj", "{5EFF6E95-D4CF-4D9C-AE43-A6563D2D99E9}"
EndProject
Project("{FAE04EC0-301F-11D3-BF4B-00C04F79EFBC}") = "SickEngine.TexturePackager", "SickEngine.TexturePackager\SickEngine.TexturePackager.csproj", "{576D9443-C135-4E0E-955E-D9806FA40D3C}"
EndProject
Global
	GlobalSection(SolutionConfigurationPlatforms) = preSolution
		Debug|Any CPU = Debug|Any CPU
		Debug|x64 = Debug|x64
		Debug|x86 = Debug|x86
		Release|Any CPU = Release|Any CPU
		Release|x64 = Release|x64
		Release|x86 = Release|x86
	EndGlobalSection
	GlobalSection(ProjectConfigurationPlatforms) = postSolution
		{B4B253FD-B56D-4977-B327-0F79C602D345}.Debug|Any CPU.ActiveCfg = Debug|Any CPU
		{B4B253FD-B56D-4977-B327-0F79C602D345}.Debug|Any CPU.Build.0 = Debug|Any CPU
		{B4B253FD-B56D-4977-B327-0F79C602D345}.Debug|x64.ActiveCfg = Debug|Any CPU
		{B4B253FD-B56D-4977-B327-0F79C602D345}.Debug|x64.Build.0 = Debug|Any CPU
		{B4B253FD-B56D-4977-B327-0F79C602D345}.Debug|x86.ActiveCfg = Debug|Any CPU
		{B4B253FD-B56D-4977-B327-0F79C602D345}.Debug|x86.Build.0 = Debug|Any CPU
		{B4B253FD-B56D-4977-B327-0F79C602D345}.Release|Any CPU.ActiveCfg = Release|Any CPU
		{B4B253FD-B56D-4977-B327-0F79C602D345}.Release|Any CPU.Build.0 = Release|Any CPU
		{B4B253FD-B56D-4977-B327-0F79C602D345}.Release|x64.ActiveCfg = Release|Any CPU
		{B4B253FD-B56D-4977-B327-0F79C602D345}.Release|x64.Build.0 = Release|Any CPU
		{B4B253FD-B56D-4977-B327-0F79C602D345}.Release|x86.ActiveCfg = Release|Any CPU
		{B4B253FD-B56D-4977-B327-0F79C602D345}.Release|x86.Build.0 = Release|Any CPU
		{C84CEB02-7419-461C-ACC6-9C93A08DCF3B}.Debug|Any CPU.ActiveCfg = Debug|Any CPU
		{C84CEB02-7419-461C-ACC6-9C93A08DCF3B}.Debug|Any CPU.Build.0 = Debug|Any CPU
		{C84CEB02-7419-461C-ACC6-9C93A08DCF3B}.Debug|x64.ActiveCfg = Debug|Any CPU
		{C84CEB02-7419-461C-ACC6-9C93A08DCF3B}.Debug|x64.Build.0 = Debug|Any CPU
		{C84CEB02-7419-461C-ACC6-9C93A08DCF3B}.Debug|x86.ActiveCfg = Debug|Any CPU
		{C84CEB02-7419-461C-ACC6-9C93A08DCF3B}.Debug|x86.Build.0 = Debug|Any CPU
		{C84CEB02-7419-461C-ACC6-9C93A08DCF3B}.Release|Any CPU.ActiveCfg = Release|Any CPU
		{C84CEB02-7419-461C-ACC6-9C93A08DCF3B}.Release|Any CPU.Build.0 = Release|Any CPU
		{C84CEB02-7419-461C-ACC6-9C93A08DCF3B}.Release|x64.ActiveCfg = Release|Any CPU
		{C84CEB02-7419-461C-ACC6-9C93A08DCF3B}.Release|x64.Build.0 = Release|Any CPU
		{C84CEB02-7419-461C-ACC6-9C93A08DCF3B}.Release|x86.ActiveCfg = Release|Any CPU
		{C84CEB02-7419-461C-ACC6-9C93A08DCF3B}.Release|x86.Build.0 = Release|Any CPU
		{6ED03085-D78F-495C-AC13-66DB34EECD86}.Debug|Any CPU.ActiveCfg = Debug|Any CPU
		{6ED03085-D78F-495C-AC13-66DB34EECD86}.Debug|Any CPU.Build.0 = Debug|Any CPU
		{6ED03085-D78F-495C-AC13-66DB34EECD86}.Debug|x64.ActiveCfg = Debug|Any CPU
		{6ED03085-D78F-495C-AC13-66DB34EECD86}.Debug|x64.Build.0 = Debug|Any CPU
		{6ED03085-D78F-495C-AC13-66DB34EECD86}.Debug|x86.ActiveCfg = Debug|Any CPU
		{6ED03085-D78F-495C-AC13-66DB34EECD86}.Debug|x86.Build.0 = Debug|Any CPU
		{6ED03085-D78F-495C-AC13-66DB34EECD86}.Release|Any CPU.ActiveCfg = Release|Any CPU
		{6ED03085-D78F-495C-AC13-66DB34EECD86}.Release|Any CPU.Build.0 = Release|Any CPU
		{6ED03085-D78F-495C-AC13-66DB34EECD86}.Release|x64.ActiveCfg = Release|Any CPU
		{6ED03085-D78F-495C-AC13-66DB34EECD86}.Release|x64.Build.0 = Release|Any CPU
		{6ED03085-D78F-495C-AC13-66DB34EECD86}.Release|x86.ActiveCfg = Release|Any CPU
		{6ED03085-D78F-495C-AC13-66DB34EECD86}.Release|x86.Build.0 = Release|Any CPU
		{92ACE14E-C917-48EB-9AC3-72F2BFF10030}.Debug|Any CPU.ActiveCfg = Debug|Any CPU
		{92ACE14E-C917-48EB-9AC3-72F2BFF10030}.Debug|Any CPU.Build.0 = Debug|Any CPU
		{92ACE14E-C917-48EB-9AC3-72F2BFF10030}.Debug|x64.ActiveCfg = Debug|Any CPU
		{92ACE14E-C917-48EB-9AC3-72F2BFF10030}.Debug|x64.Build.0 = Debug|Any CPU
		{92ACE14E-C917-48EB-9AC3-72F2BFF10030}.Debug|x86.ActiveCfg = Debug|Any CPU
		{92ACE14E-C917-48EB-9AC3-72F2BFF10030}.Debug|x86.Build.0 = Debug|Any CPU
		{92ACE14E-C917-48EB-9AC3-72F2BFF10030}.Release|Any CPU.ActiveCfg = Release|Any CPU
		{92ACE14E-C917-48EB-9AC3-72F2BFF10030}.Release|Any CPU.Build.0 = Release|Any CPU
		{92ACE14E-C917-48EB-9AC3-72F2BFF10030}.Release|x64.ActiveCfg = Release|Any CPU
		{92ACE14E-C917-48EB-9AC3-72F2BFF10030}.Release|x64.Build.0 = Release|Any CPU
		{92ACE14E-C917-48EB-9AC3-72F2BFF10030}.Release|x86.ActiveCfg = Release|Any CPU
		{92ACE14E-C917-48EB-9AC3-72F2BFF10030}.Release|x86.Build.0 = Release|Any CPU
		{A1A1E81D-09D7-45BE-9E54-9EC35EBFE150}.Debug|Any CPU.ActiveCfg = Debug|Any CPU
		{A1A1E81D-09D7-45BE-9E54-9EC35EBFE150}.Debug|Any CPU.Build.0 = Debug|Any CPU
		{A1A1E81D-09D7-45BE-9E54-9EC35EBFE150}.Debug|x64.ActiveCfg = Debug|Any CPU
		{A1A1E81D-09D7-45BE-9E54-9EC35EBFE150}.Debug|x64.Build.0 = Debug|Any CPU
		{A1A1E81D-09D7-45BE-9E54-9EC35EBFE150}.Debug|x86.ActiveCfg = Debug|Any CPU
		{A1A1E81D-09D7-45BE-9E54-9EC35EBFE150}.Debug|x86.Build.0 = Debug|Any CPU
		{A1A1E81D-09D7-45BE-9E54-9EC35EBFE150}.Release|Any CPU.ActiveCfg = Release|Any CPU
		{A1A1E81D-09D7-45BE-9E54-9EC35EBFE150}.Release|Any CPU.Build.0 = Release|Any CPU
		{A1A1E81D-09D7-45BE-9E54-9EC35EBFE150}.Release|x64.ActiveCfg = Release|Any CPU
		{A1A1E81D-09D7-45BE-9E54-9EC35EBFE150}.Release|x64.Build.0 = Release|Any CPU
		{A1A1E81D-09D7-45BE-9E54-9EC35EBFE150}.Release|x86.ActiveCfg = Release|Any CPU
		{A1A1E81D-09D7-45BE-9E54-9EC35EBFE150}.Release|x86.Build.0 = Release|Any CPU
		{E3D73E7E-4BA8-4ED7-A704-570CC89F916D}.Debug|Any CPU.ActiveCfg = Debug|Any CPU
		{E3D73E7E-4BA8-4ED7-A704-570CC89F916D}.Debug|Any CPU.Build.0 = Debug|Any CPU
		{E3D73E7E-4BA8-4ED7-A704-570CC89F916D}.Debug|x64.ActiveCfg = Debug|Any CPU
		{E3D73E7E-4BA8-4ED7-A704-570CC89F916D}.Debug|x64.Build.0 = Debug|Any CPU
		{E3D73E7E-4BA8-4ED7-A704-570CC89F916D}.Debug|x86.ActiveCfg = Debug|Any CPU
		{E3D73E7E-4BA8-4ED7-A704-570CC89F916D}.Debug|x86.Build.0 = Debug|Any CPU
		{E3D73E7E-4BA8-4ED7-A704-570CC89F916D}.Release|Any CPU.ActiveCfg = Release|Any CPU
		{E3D73E7E-4BA8-4ED7-A704-570CC89F916D}.Release|Any CPU.Build.0 = Release|Any CPU
		{E3D73E7E-4BA8-4ED7-A704-570CC89F916D}.Release|x64.ActiveCfg = Release|Any CPU
		{E3D73E7E-4BA8-4ED7-A704-570CC89F916D}.Release|x64.Build.0 = Release|Any CPU
		{E3D73E7E-4BA8-4ED7-A704-570CC89F916D}.Release|x86.ActiveCfg = Release|Any CPU
		{E3D73E7E-4BA8-4ED7-A704-570CC89F916D}.Release|x86.Build.0 = Release|Any CPU
		{9A6F9A26-627A-4819-AED0-38471274E886}.Debug|Any CPU.ActiveCfg = Debug|Any CPU
		{9A6F9A26-627A-4819-AED0-38471274E886}.Debug|Any CPU.Build.0 = Debug|Any CPU
		{9A6F9A26-627A-4819-AED0-38471274E886}.Debug|x64.ActiveCfg = Debug|Any CPU
		{9A6F9A26-627A-4819-AED0-38471274E886}.Debug|x64.Build.0 = Debug|Any CPU
		{9A6F9A26-627A-4819-AED0-38471274E886}.Debug|x86.ActiveCfg = Debug|Any CPU
		{9A6F9A26-627A-4819-AED0-38471274E886}.Debug|x86.Build.0 = Debug|Any CPU
		{9A6F9A26-627A-4819-AED0-38471274E886}.Release|Any CPU.ActiveCfg = Release|Any CPU
		{9A6F9A26-627A-4819-AED0-38471274E886}.Release|Any CPU.Build.0 = Release|Any CPU
		{9A6F9A26-627A-4819-AED0-38471274E886}.Release|x64.ActiveCfg = Release|Any CPU
		{9A6F9A26-627A-4819-AED0-38471274E886}.Release|x64.Build.0 = Release|Any CPU
		{9A6F9A26-627A-4819-AED0-38471274E886}.Release|x86.ActiveCfg = Release|Any CPU
		{9A6F9A26-627A-4819-AED0-38471274E886}.Release|x86.Build.0 = Release|Any CPU
		{5EFF6E95-D4CF-4D9C-AE43-A6563D2D99E9}.Debug|Any CPU.ActiveCfg = Debug|Any CPU
		{5EFF6E95-D4CF-4D9C-AE43-A6563D2D99E9}.Debug|Any CPU.Build.0 = Debug|Any CPU
		{5EFF6E95-D4CF-4D9C-AE43-A6563D2D99E9}.Debug|x64.ActiveCfg = Debug|Any CPU
		{5EFF6E95-D4CF-4D9C-AE43-A6563D2D99E9}.Debug|x64.Build.0 = Debug|Any CPU
		{5EFF6E95-D4CF-4D9C-AE43-A6563D2D99E9}.Debug|x86.ActiveCfg = Debug|Any CPU
		{5EFF6E95-D4CF-4D9C-AE43-A6563D2D99E9}.Debug|x86.Build.0 = Debug|Any CPU
		{5EFF6E95-D4CF-4D9C-AE43-A6563D2D99E9}.Release|Any CPU.ActiveCfg = Release|Any CPU
		{5EFF6E95-D4CF-4D9C-AE43-A6563D2D99E9}.Release|Any CPU.Build.0 = Release|Any CPU
		{5EFF6E95-D4CF-4D9C-AE43-A6563D2D99E9}.Release|x64.ActiveCfg = Release|Any CPU
		{5EFF6E95-D4CF-4D9C-AE43-A6563D2D99E9}.Release|x64.Build.0 = Release|Any CPU
		{5EFF6E95-D4CF-4D9C-AE43-A6563D2D99E9}.Release|x86.ActiveCfg = Release|Any CPU
		{5EFF6E95-D4CF-4D9C-AE43-A6563D2D99E9}.Release|x86.Build.0 = Release|Any CPU
		{576D9443-C135-4E0E-955E-D9806FA40D3C}.Debug|Any CPU.ActiveCfg = Debug|Any CPU
		{576D9443-C135-4E0E-955E-D9806FA40D3C}.Debug|Any CPU.Build.0 = Debug|Any CPU
		{576D9443-C135-4E0E-955E-D9806FA40D3C}.Debug|x64.ActiveCfg = Debug|Any CPU
		{576D9443-C135-4E0E-955E-D9806FA40D3C}.Debug|x64.Build.0 = Debug|Any CPU
		{576D9443-C135-4E0E-955E-D9806FA40D3C}.Debug|x86.ActiveCfg = Debug|Any CPU
		{576D9443-C135-4E0E-955E-D9806FA40D3C}.Debug|x86.Build.0 = Debug|Any CPU
		{576D9443-C135-4E0E-955E-D9806FA40D3C}.Release|Any CPU.ActiveCfg = Release|Any CPU
		{576D9443-C135-4E0E-955E-D9806FA40D3C}.Release|Any CPU.Build.0 = Release|Any CPU
		{576D9443-C135-4E0E-955E-D9806FA40D3C}.Release|x64.ActiveCfg = Release|Any CPU
		{576D9443-C135-4E0E-955E-D9806FA40D3C}.Release|x64.Build.0 = Release|Any CPU
		{576D9443-C135-4E0E-955E-D9806FA40D3C}.Release|x86.ActiveCfg = Release|Any CPU
		{576D9443-C135-4E0E-955E-D9806FA40D3C}.Release|x86.Build.0 = Release|Any CPU
	EndGlobalSection
	GlobalSection(SolutionProperties) = preSolution
		HideSolutionNode = FALSE
	EndGlobalSection
	GlobalSection(ExtensibilityGlobals) = postSolution
		SolutionGuid = {A9050609-2A97-4A24-8107-E031655FBA6C}
	EndGlobalSection
EndGlobal
